
Microsoft Visual Studio Solution File, Format Version 12.00
# Visual Studio Version 17
VisualStudioVersion = 17.11.35222.181
MinimumVisualStudioVersion = 10.0.40219.1
Project("{FAE04EC0-301F-11D3-BF4B-00C04F79EFBC}") = "TemperatureConverter", "TemperatureConverter.csproj", "{D1307BF1-2EFC-4DD1-AA36-C137DDAEAA49}"
EndProject
Global
	GlobalSection(SolutionConfigurationPlatforms) = preSolution
		Debug|Any CPU = Debug|Any CPU
		Release|Any CPU = Release|Any CPU
	EndGlobalSection
	GlobalSection(ProjectConfigurationPlatforms) = postSolution
		{D1307BF1-2EFC-4DD1-AA36-C137DDAEAA49}.Debug|Any CPU.ActiveCfg = Debug|Any CPU
		{D1307BF1-2EFC-4DD1-AA36-C137DDAEAA49}.Debug|Any CPU.Build.0 = Debug|Any CPU
		{D1307BF1-2EFC-4DD1-AA36-C137DDAEAA49}.Debug|Any CPU.Deploy.0 = Debug|Any CPU
		{D1307BF1-2EFC-4DD1-AA36-C137DDAEAA49}.Release|Any CPU.ActiveCfg = Release|Any CPU
		{D1307BF1-2EFC-4DD1-AA36-C137DDAEAA49}.Release|Any CPU.Build.0 = Release|Any CPU
		{D1307BF1-2EFC-4DD1-AA36-C137DDAEAA49}.Release|Any CPU.Deploy.0 = Release|Any CPU
	EndGlobalSection
	GlobalSection(SolutionProperties) = preSolution
		HideSolutionNode = FALSE
	EndGlobalSection
	GlobalSection(ExtensibilityGlobals) = postSolution
		SolutionGuid = {93B6CEEC-7D8D-4D4B-BF18-D093B75FE30E}
	EndGlobalSection
EndGlobal
